
Microsoft Visual Studio Solution File, Format Version 12.00
# Visual Studio Version 17
VisualStudioVersion = 17.12.35527.113 d17.12
MinimumVisualStudioVersion = 10.0.40219.1
Project("{FAE04EC0-301F-11D3-BF4B-00C04F79EFBC}") = "art", "art\art.csproj", "{0918D294-7220-4ED6-ACE8-078451E88504}"
EndProject
Project("{FAE04EC0-301F-11D3-BF4B-00C04F79EFBC}") = "art2", "art2\art2.csproj", "{9113AEA1-F951-43AB-80CC-C1597F3FAD5A}"
EndProject
Global
	GlobalSection(SolutionConfigurationPlatforms) = preSolution
		Debug|Any CPU = Debug|Any CPU
		Release|Any CPU = Release|Any CPU
	EndGlobalSection
	GlobalSection(ProjectConfigurationPlatforms) = postSolution
		{0918D294-7220-4ED6-ACE8-078451E88504}.Debug|Any CPU.ActiveCfg = Debug|Any CPU
		{0918D294-7220-4ED6-ACE8-078451E88504}.Debug|Any CPU.Build.0 = Debug|Any CPU
		{0918D294-7220-4ED6-ACE8-078451E88504}.Release|Any CPU.ActiveCfg = Release|Any CPU
		{0918D294-7220-4ED6-ACE8-078451E88504}.Release|Any CPU.Build.0 = Release|Any CPU
		{9113AEA1-F951-43AB-80CC-C1597F3FAD5A}.Debug|Any CPU.ActiveCfg = Debug|Any CPU
		{9113AEA1-F951-43AB-80CC-C1597F3FAD5A}.Debug|Any CPU.Build.0 = Debug|Any CPU
		{9113AEA1-F951-43AB-80CC-C1597F3FAD5A}.Release|Any CPU.ActiveCfg = Release|Any CPU
		{9113AEA1-F951-43AB-80CC-C1597F3FAD5A}.Release|Any CPU.Build.0 = Release|Any CPU
	EndGlobalSection
	GlobalSection(SolutionProperties) = preSolution
		HideSolutionNode = FALSE
	EndGlobalSection
EndGlobal
